// !$*UTF8*$!
{
	archiveVersion = 1;
	classes = {
	};
	objectVersion = 56;
	objects = {

/* Begin PBXBuildFile section */
		83BAB3F72A42183D00D363F1 /* ShareController.swift in Sources */ = {isa = PBXBuildFile; fileRef = 83BAB3F62A42183D00D363F1 /* ShareController.swift */; };
		83BAB3F92A42266D00D363F1 /* RenderView.swift in Sources */ = {isa = PBXBuildFile; fileRef = 83BAB3F82A42266D00D363F1 /* RenderView.swift */; };
		83DED9E42A3F598B00F2430B /* MemeMe1App.swift in Sources */ = {isa = PBXBuildFile; fileRef = 83DED9E32A3F598B00F2430B /* MemeMe1App.swift */; };
		83DED9E62A3F598B00F2430B /* ContentView.swift in Sources */ = {isa = PBXBuildFile; fileRef = 83DED9E52A3F598B00F2430B /* ContentView.swift */; };
		83DED9E82A3F598C00F2430B /* Assets.xcassets in Resources */ = {isa = PBXBuildFile; fileRef = 83DED9E72A3F598C00F2430B /* Assets.xcassets */; };
		83DED9EB2A3F598C00F2430B /* Preview Assets.xcassets in Resources */ = {isa = PBXBuildFile; fileRef = 83DED9EA2A3F598C00F2430B /* Preview Assets.xcassets */; };
		83DED9F52A3F598C00F2430B /* MemeMe1Tests.swift in Sources */ = {isa = PBXBuildFile; fileRef = 83DED9F42A3F598C00F2430B /* MemeMe1Tests.swift */; };
		83DED9FF2A3F598C00F2430B /* MemeMe1UITests.swift in Sources */ = {isa = PBXBuildFile; fileRef = 83DED9FE2A3F598C00F2430B /* MemeMe1UITests.swift */; };
		83DEDA012A3F598C00F2430B /* MemeMe1UITestsLaunchTests.swift in Sources */ = {isa = PBXBuildFile; fileRef = 83DEDA002A3F598C00F2430B /* MemeMe1UITestsLaunchTests.swift */; };
		83DEDA0E2A3F640A00F2430B /* ToolbarExtensions.swift in Sources */ = {isa = PBXBuildFile; fileRef = 83DEDA0D2A3F640A00F2430B /* ToolbarExtensions.swift */; };
		83DEDA122A3F6D3500F2430B /* ImagePickerController.swift in Sources */ = {isa = PBXBuildFile; fileRef = 83DEDA112A3F6D3500F2430B /* ImagePickerController.swift */; };
/* End PBXBuildFile section */

/* Begin PBXContainerItemProxy section */
		83DED9F12A3F598C00F2430B /* PBXContainerItemProxy */ = {
			isa = PBXContainerItemProxy;
			containerPortal = 83DED9D82A3F598B00F2430B /* Project object */;
			proxyType = 1;
			remoteGlobalIDString = 83DED9DF2A3F598B00F2430B;
			remoteInfo = MemeMe1;
		};
		83DED9FB2A3F598C00F2430B /* PBXContainerItemProxy */ = {
			isa = PBXContainerItemProxy;
			containerPortal = 83DED9D82A3F598B00F2430B /* Project object */;
			proxyType = 1;
			remoteGlobalIDString = 83DED9DF2A3F598B00F2430B;
			remoteInfo = MemeMe1;
		};
/* End PBXContainerItemProxy section */

/* Begin PBXFileReference section */
		83BAB3F62A42183D00D363F1 /* ShareController.swift */ = {isa = PBXFileReference; lastKnownFileType = sourcecode.swift; path = ShareController.swift; sourceTree = "<group>"; };
		83BAB3F82A42266D00D363F1 /* RenderView.swift */ = {isa = PBXFileReference; lastKnownFileType = sourcecode.swift; path = RenderView.swift; sourceTree = "<group>"; };
		83DED9E02A3F598B00F2430B /* MemeMe1.app */ = {isa = PBXFileReference; explicitFileType = wrapper.application; includeInIndex = 0; path = MemeMe1.app; sourceTree = BUILT_PRODUCTS_DIR; };
		83DED9E32A3F598B00F2430B /* MemeMe1App.swift */ = {isa = PBXFileReference; lastKnownFileType = sourcecode.swift; path = MemeMe1App.swift; sourceTree = "<group>"; };
		83DED9E52A3F598B00F2430B /* ContentView.swift */ = {isa = PBXFileReference; lastKnownFileType = sourcecode.swift; path = ContentView.swift; sourceTree = "<group>"; };
		83DED9E72A3F598C00F2430B /* Assets.xcassets */ = {isa = PBXFileReference; lastKnownFileType = folder.assetcatalog; path = Assets.xcassets; sourceTree = "<group>"; };
		83DED9EA2A3F598C00F2430B /* Preview Assets.xcassets */ = {isa = PBXFileReference; lastKnownFileType = folder.assetcatalog; path = "Preview Assets.xcassets"; sourceTree = "<group>"; };
		83DED9F02A3F598C00F2430B /* MemeMe1Tests.xctest */ = {isa = PBXFileReference; explicitFileType = wrapper.cfbundle; includeInIndex = 0; path = MemeMe1Tests.xctest; sourceTree = BUILT_PRODUCTS_DIR; };
		83DED9F42A3F598C00F2430B /* MemeMe1Tests.swift */ = {isa = PBXFileReference; lastKnownFileType = sourcecode.swift; path = MemeMe1Tests.swift; sourceTree = "<group>"; };
		83DED9FA2A3F598C00F2430B /* MemeMe1UITests.xctest */ = {isa = PBXFileReference; explicitFileType = wrapper.cfbundle; includeInIndex = 0; path = MemeMe1UITests.xctest; sourceTree = BUILT_PRODUCTS_DIR; };
		83DED9FE2A3F598C00F2430B /* MemeMe1UITests.swift */ = {isa = PBXFileReference; lastKnownFileType = sourcecode.swift; path = MemeMe1UITests.swift; sourceTree = "<group>"; };
		83DEDA002A3F598C00F2430B /* MemeMe1UITestsLaunchTests.swift */ = {isa = PBXFileReference; lastKnownFileType = sourcecode.swift; path = MemeMe1UITestsLaunchTests.swift; sourceTree = "<group>"; };
		83DEDA0D2A3F640A00F2430B /* ToolbarExtensions.swift */ = {isa = PBXFileReference; lastKnownFileType = sourcecode.swift; path = ToolbarExtensions.swift; sourceTree = "<group>"; };
		83DEDA112A3F6D3500F2430B /* ImagePickerController.swift */ = {isa = PBXFileReference; lastKnownFileType = sourcecode.swift; path = ImagePickerController.swift; sourceTree = "<group>"; };
/* End PBXFileReference section */

/* Begin PBXFrameworksBuildPhase section */
		83DED9DD2A3F598B00F2430B /* Frameworks */ = {
			isa = PBXFrameworksBuildPhase;
			buildActionMask = 2147483647;
			files = (
			);
			runOnlyForDeploymentPostprocessing = 0;
		};
		83DED9ED2A3F598C00F2430B /* Frameworks */ = {
			isa = PBXFrameworksBuildPhase;
			buildActionMask = 2147483647;
			files = (
			);
			runOnlyForDeploymentPostprocessing = 0;
		};
		83DED9F72A3F598C00F2430B /* Frameworks */ = {
			isa = PBXFrameworksBuildPhase;
			buildActionMask = 2147483647;
			files = (
			);
			runOnlyForDeploymentPostprocessing = 0;
		};
/* End PBXFrameworksBuildPhase section */

/* Begin PBXGroup section */
		83DED9D72A3F598B00F2430B = {
			isa = PBXGroup;
			children = (
				83DED9E22A3F598B00F2430B /* MemeMe1 */,
				83DED9F32A3F598C00F2430B /* MemeMe1Tests */,
				83DED9FD2A3F598C00F2430B /* MemeMe1UITests */,
				83DED9E12A3F598B00F2430B /* Products */,
			);
			sourceTree = "<group>";
		};
		83DED9E12A3F598B00F2430B /* Products */ = {
			isa = PBXGroup;
			children = (
				83DED9E02A3F598B00F2430B /* MemeMe1.app */,
				83DED9F02A3F598C00F2430B /* MemeMe1Tests.xctest */,
				83DED9FA2A3F598C00F2430B /* MemeMe1UITests.xctest */,
			);
			name = Products;
			sourceTree = "<group>";
		};
		83DED9E22A3F598B00F2430B /* MemeMe1 */ = {
			isa = PBXGroup;
			children = (
				83DED9E32A3F598B00F2430B /* MemeMe1App.swift */,
				83DED9E52A3F598B00F2430B /* ContentView.swift */,
				83DED9E72A3F598C00F2430B /* Assets.xcassets */,
				83DED9E92A3F598C00F2430B /* Preview Content */,
				83DEDA0D2A3F640A00F2430B /* ToolbarExtensions.swift */,
				83DEDA112A3F6D3500F2430B /* ImagePickerController.swift */,
				83BAB3F62A42183D00D363F1 /* ShareController.swift */,
				83BAB3F82A42266D00D363F1 /* RenderView.swift */,
			);
			path = MemeMe1;
			sourceTree = "<group>";
		};
		83DED9E92A3F598C00F2430B /* Preview Content */ = {
			isa = PBXGroup;
			children = (
				83DED9EA2A3F598C00F2430B /* Preview Assets.xcassets */,
			);
			path = "Preview Content";
			sourceTree = "<group>";
		};
		83DED9F32A3F598C00F2430B /* MemeMe1Tests */ = {
			isa = PBXGroup;
			children = (
				83DED9F42A3F598C00F2430B /* MemeMe1Tests.swift */,
			);
			path = MemeMe1Tests;
			sourceTree = "<group>";
		};
		83DED9FD2A3F598C00F2430B /* MemeMe1UITests */ = {
			isa = PBXGroup;
			children = (
				83DED9FE2A3F598C00F2430B /* MemeMe1UITests.swift */,
				83DEDA002A3F598C00F2430B /* MemeMe1UITestsLaunchTests.swift */,
			);
			path = MemeMe1UITests;
			sourceTree = "<group>";
		};
/* End PBXGroup section */

/* Begin PBXNativeTarget section */
		83DED9DF2A3F598B00F2430B /* MemeMe1 */ = {
			isa = PBXNativeTarget;
			buildConfigurationList = 83DEDA042A3F598C00F2430B /* Build configuration list for PBXNativeTarget "MemeMe1" */;
			buildPhases = (
				83DED9DC2A3F598B00F2430B /* Sources */,
				83DED9DD2A3F598B00F2430B /* Frameworks */,
				83DED9DE2A3F598B00F2430B /* Resources */,
			);
			buildRules = (
			);
			dependencies = (
			);
			name = MemeMe1;
			productName = MemeMe1;
			productReference = 83DED9E02A3F598B00F2430B /* MemeMe1.app */;
			productType = "com.apple.product-type.application";
		};
		83DED9EF2A3F598C00F2430B /* MemeMe1Tests */ = {
			isa = PBXNativeTarget;
			buildConfigurationList = 83DEDA072A3F598C00F2430B /* Build configuration list for PBXNativeTarget "MemeMe1Tests" */;
			buildPhases = (
				83DED9EC2A3F598C00F2430B /* Sources */,
				83DED9ED2A3F598C00F2430B /* Frameworks */,
				83DED9EE2A3F598C00F2430B /* Resources */,
			);
			buildRules = (
			);
			dependencies = (
				83DED9F22A3F598C00F2430B /* PBXTargetDependency */,
			);
			name = MemeMe1Tests;
			productName = MemeMe1Tests;
			productReference = 83DED9F02A3F598C00F2430B /* MemeMe1Tests.xctest */;
			productType = "com.apple.product-type.bundle.unit-test";
		};
		83DED9F92A3F598C00F2430B /* MemeMe1UITests */ = {
			isa = PBXNativeTarget;
			buildConfigurationList = 83DEDA0A2A3F598C00F2430B /* Build configuration list for PBXNativeTarget "MemeMe1UITests" */;
			buildPhases = (
				83DED9F62A3F598C00F2430B /* Sources */,
				83DED9F72A3F598C00F2430B /* Frameworks */,
				83DED9F82A3F598C00F2430B /* Resources */,
			);
			buildRules = (
			);
			dependencies = (
				83DED9FC2A3F598C00F2430B /* PBXTargetDependency */,
			);
			name = MemeMe1UITests;
			productName = MemeMe1UITests;
			productReference = 83DED9FA2A3F598C00F2430B /* MemeMe1UITests.xctest */;
			productType = "com.apple.product-type.bundle.ui-testing";
		};
/* End PBXNativeTarget section */

/* Begin PBXProject section */
		83DED9D82A3F598B00F2430B /* Project object */ = {
			isa = PBXProject;
			attributes = {
				BuildIndependentTargetsInParallel = 1;
				LastSwiftUpdateCheck = 1430;
				LastUpgradeCheck = 1430;
				TargetAttributes = {
					83DED9DF2A3F598B00F2430B = {
						CreatedOnToolsVersion = 14.3.1;
					};
					83DED9EF2A3F598C00F2430B = {
						CreatedOnToolsVersion = 14.3.1;
						TestTargetID = 83DED9DF2A3F598B00F2430B;
					};
					83DED9F92A3F598C00F2430B = {
						CreatedOnToolsVersion = 14.3.1;
						TestTargetID = 83DED9DF2A3F598B00F2430B;
					};
				};
			};
			buildConfigurationList = 83DED9DB2A3F598B00F2430B /* Build configuration list for PBXProject "MemeMe1" */;
			compatibilityVersion = "Xcode 14.0";
			developmentRegion = en;
			hasScannedForEncodings = 0;
			knownRegions = (
				en,
				Base,
			);
			mainGroup = 83DED9D72A3F598B00F2430B;
			productRefGroup = 83DED9E12A3F598B00F2430B /* Products */;
			projectDirPath = "";
			projectRoot = "";
			targets = (
				83DED9DF2A3F598B00F2430B /* MemeMe1 */,
				83DED9EF2A3F598C00F2430B /* MemeMe1Tests */,
				83DED9F92A3F598C00F2430B /* MemeMe1UITests */,
			);
		};
/* End PBXProject section */

/* Begin PBXResourcesBuildPhase section */
		83DED9DE2A3F598B00F2430B /* Resources */ = {
			isa = PBXResourcesBuildPhase;
			buildActionMask = 2147483647;
			files = (
				83DED9EB2A3F598C00F2430B /* Preview Assets.xcassets in Resources */,
				83DED9E82A3F598C00F2430B /* Assets.xcassets in Resources */,
			);
			runOnlyForDeploymentPostprocessing = 0;
		};
		83DED9EE2A3F598C00F2430B /* Resources */ = {
			isa = PBXResourcesBuildPhase;
			buildActionMask = 2147483647;
			files = (
			);
			runOnlyForDeploymentPostprocessing = 0;
		};
		83DED9F82A3F598C00F2430B /* Resources */ = {
			isa = PBXResourcesBuildPhase;
			buildActionMask = 2147483647;
			files = (
			);
			runOnlyForDeploymentPostprocessing = 0;
		};
/* End PBXResourcesBuildPhase section */

/* Begin PBXSourcesBuildPhase section */
		83DED9DC2A3F598B00F2430B /* Sources */ = {
			isa = PBXSourcesBuildPhase;
			buildActionMask = 2147483647;
			files = (
				83DED9E62A3F598B00F2430B /* ContentView.swift in Sources */,
				83DED9E42A3F598B00F2430B /* MemeMe1App.swift in Sources */,
				83BAB3F92A42266D00D363F1 /* RenderView.swift in Sources */,
				83DEDA0E2A3F640A00F2430B /* ToolbarExtensions.swift in Sources */,
				83BAB3F72A42183D00D363F1 /* ShareController.swift in Sources */,
				83DEDA122A3F6D3500F2430B /* ImagePickerController.swift in Sources */,
			);
			runOnlyForDeploymentPostprocessing = 0;
		};
		83DED9EC2A3F598C00F2430B /* Sources */ = {
			isa = PBXSourcesBuildPhase;
			buildActionMask = 2147483647;
			files = (
				83DED9F52A3F598C00F2430B /* MemeMe1Tests.swift in Sources */,
			);
			runOnlyForDeploymentPostprocessing = 0;
		};
		83DED9F62A3F598C00F2430B /* Sources */ = {
			isa = PBXSourcesBuildPhase;
			buildActionMask = 2147483647;
			files = (
				83DEDA012A3F598C00F2430B /* MemeMe1UITestsLaunchTests.swift in Sources */,
				83DED9FF2A3F598C00F2430B /* MemeMe1UITests.swift in Sources */,
			);
			runOnlyForDeploymentPostprocessing = 0;
		};
/* End PBXSourcesBuildPhase section */

/* Begin PBXTargetDependency section */
		83DED9F22A3F598C00F2430B /* PBXTargetDependency */ = {
			isa = PBXTargetDependency;
			target = 83DED9DF2A3F598B00F2430B /* MemeMe1 */;
			targetProxy = 83DED9F12A3F598C00F2430B /* PBXContainerItemProxy */;
		};
		83DED9FC2A3F598C00F2430B /* PBXTargetDependency */ = {
			isa = PBXTargetDependency;
			target = 83DED9DF2A3F598B00F2430B /* MemeMe1 */;
			targetProxy = 83DED9FB2A3F598C00F2430B /* PBXContainerItemProxy */;
		};
/* End PBXTargetDependency section */

/* Begin XCBuildConfiguration section */
		83DEDA022A3F598C00F2430B /* Debug */ = {
			isa = XCBuildConfiguration;
			buildSettings = {
				ALWAYS_SEARCH_USER_PATHS = NO;
				CLANG_ANALYZER_NONNULL = YES;
				CLANG_ANALYZER_NUMBER_OBJECT_CONVERSION = YES_AGGRESSIVE;
				CLANG_CXX_LANGUAGE_STANDARD = "gnu++20";
				CLANG_ENABLE_MODULES = YES;
				CLANG_ENABLE_OBJC_ARC = YES;
				CLANG_ENABLE_OBJC_WEAK = YES;
				CLANG_WARN_BLOCK_CAPTURE_AUTORELEASING = YES;
				CLANG_WARN_BOOL_CONVERSION = YES;
				CLANG_WARN_COMMA = YES;
				CLANG_WARN_CONSTANT_CONVERSION = YES;
				CLANG_WARN_DEPRECATED_OBJC_IMPLEMENTATIONS = YES;
				CLANG_WARN_DIRECT_OBJC_ISA_USAGE = YES_ERROR;
				CLANG_WARN_DOCUMENTATION_COMMENTS = YES;
				CLANG_WARN_EMPTY_BODY = YES;
				CLANG_WARN_ENUM_CONVERSION = YES;
				CLANG_WARN_INFINITE_RECURSION = YES;
				CLANG_WARN_INT_CONVERSION = YES;
				CLANG_WARN_NON_LITERAL_NULL_CONVERSION = YES;
				CLANG_WARN_OBJC_IMPLICIT_RETAIN_SELF = YES;
				CLANG_WARN_OBJC_LITERAL_CONVERSION = YES;
				CLANG_WARN_OBJC_ROOT_CLASS = YES_ERROR;
				CLANG_WARN_QUOTED_INCLUDE_IN_FRAMEWORK_HEADER = YES;
				CLANG_WARN_RANGE_LOOP_ANALYSIS = YES;
				CLANG_WARN_STRICT_PROTOTYPES = YES;
				CLANG_WARN_SUSPICIOUS_MOVE = YES;
				CLANG_WARN_UNGUARDED_AVAILABILITY = YES_AGGRESSIVE;
				CLANG_WARN_UNREACHABLE_CODE = YES;
				CLANG_WARN__DUPLICATE_METHOD_MATCH = YES;
				COPY_PHASE_STRIP = NO;
				DEBUG_INFORMATION_FORMAT = dwarf;
				ENABLE_STRICT_OBJC_MSGSEND = YES;
				ENABLE_TESTABILITY = YES;
				GCC_C_LANGUAGE_STANDARD = gnu11;
				GCC_DYNAMIC_NO_PIC = NO;
				GCC_NO_COMMON_BLOCKS = YES;
				GCC_OPTIMIZATION_LEVEL = 0;
				GCC_PREPROCESSOR_DEFINITIONS = (
					"DEBUG=1",
					"$(inherited)",
				);
				GCC_WARN_64_TO_32_BIT_CONVERSION = YES;
				GCC_WARN_ABOUT_RETURN_TYPE = YES_ERROR;
				GCC_WARN_UNDECLARED_SELECTOR = YES;
				GCC_WARN_UNINITIALIZED_AUTOS = YES_AGGRESSIVE;
				GCC_WARN_UNUSED_FUNCTION = YES;
				GCC_WARN_UNUSED_VARIABLE = YES;
				IPHONEOS_DEPLOYMENT_TARGET = 16.4;
				MTL_ENABLE_DEBUG_INFO = INCLUDE_SOURCE;
				MTL_FAST_MATH = YES;
				ONLY_ACTIVE_ARCH = YES;
				SDKROOT = iphoneos;
				SWIFT_ACTIVE_COMPILATION_CONDITIONS = DEBUG;
				SWIFT_OPTIMIZATION_LEVEL = "-Onone";
			};
			name = Debug;
		};
		83DEDA032A3F598C00F2430B /* Release */ = {
			isa = XCBuildConfiguration;
			buildSettings = {
				ALWAYS_SEARCH_USER_PATHS = NO;
				CLANG_ANALYZER_NONNULL = YES;
				CLANG_ANALYZER_NUMBER_OBJECT_CONVERSION = YES_AGGRESSIVE;
				CLANG_CXX_LANGUAGE_STANDARD = "gnu++20";
				CLANG_ENABLE_MODULES = YES;
				CLANG_ENABLE_OBJC_ARC = YES;
				CLANG_ENABLE_OBJC_WEAK = YES;
				CLANG_WARN_BLOCK_CAPTURE_AUTORELEASING = YES;
				CLANG_WARN_BOOL_CONVERSION = YES;
				CLANG_WARN_COMMA = YES;
				CLANG_WARN_CONSTANT_CONVERSION = YES;
				CLANG_WARN_DEPRECATED_OBJC_IMPLEMENTATIONS = YES;
				CLANG_WARN_DIRECT_OBJC_ISA_USAGE = YES_ERROR;
				CLANG_WARN_DOCUMENTATION_COMMENTS = YES;
				CLANG_WARN_EMPTY_BODY = YES;
				CLANG_WARN_ENUM_CONVERSION = YES;
				CLANG_WARN_INFINITE_RECURSION = YES;
				CLANG_WARN_INT_CONVERSION = YES;
				CLANG_WARN_NON_LITERAL_NULL_CONVERSION = YES;
				CLANG_WARN_OBJC_IMPLICIT_RETAIN_SELF = YES;
				CLANG_WARN_OBJC_LITERAL_CONVERSION = YES;
				CLANG_WARN_OBJC_ROOT_CLASS = YES_ERROR;
				CLANG_WARN_QUOTED_INCLUDE_IN_FRAMEWORK_HEADER = YES;
				CLANG_WARN_RANGE_LOOP_ANALYSIS = YES;
				CLANG_WARN_STRICT_PROTOTYPES = YES;
				CLANG_WARN_SUSPICIOUS_MOVE = YES;
				CLANG_WARN_UNGUARDED_AVAILABILITY = YES_AGGRESSIVE;
				CLANG_WARN_UNREACHABLE_CODE = YES;
				CLANG_WARN__DUPLICATE_METHOD_MATCH = YES;
				COPY_PHASE_STRIP = NO;
				DEBUG_INFORMATION_FORMAT = "dwarf-with-dsym";
				ENABLE_NS_ASSERTIONS = NO;
				ENABLE_STRICT_OBJC_MSGSEND = YES;
				GCC_C_LANGUAGE_STANDARD = gnu11;
				GCC_NO_COMMON_BLOCKS = YES;
				GCC_WARN_64_TO_32_BIT_CONVERSION = YES;
				GCC_WARN_ABOUT_RETURN_TYPE = YES_ERROR;
				GCC_WARN_UNDECLARED_SELECTOR = YES;
				GCC_WARN_UNINITIALIZED_AUTOS = YES_AGGRESSIVE;
				GCC_WARN_UNUSED_FUNCTION = YES;
				GCC_WARN_UNUSED_VARIABLE = YES;
				IPHONEOS_DEPLOYMENT_TARGET = 16.4;
				MTL_ENABLE_DEBUG_INFO = NO;
				MTL_FAST_MATH = YES;
				SDKROOT = iphoneos;
				SWIFT_COMPILATION_MODE = wholemodule;
				SWIFT_OPTIMIZATION_LEVEL = "-O";
				VALIDATE_PRODUCT = YES;
			};
			name = Release;
		};
		83DEDA052A3F598C00F2430B /* Debug */ = {
			isa = XCBuildConfiguration;
			buildSettings = {
				ASSETCATALOG_COMPILER_APPICON_NAME = AppIcon;
				ASSETCATALOG_COMPILER_GLOBAL_ACCENT_COLOR_NAME = AccentColor;
				CODE_SIGN_STYLE = Automatic;
				CURRENT_PROJECT_VERSION = 1;
				DEVELOPMENT_ASSET_PATHS = "\"MemeMe1/Preview Content\"";
				ENABLE_PREVIEWS = YES;
				GENERATE_INFOPLIST_FILE = YES;
				INFOPLIST_KEY_UIApplicationSceneManifest_Generation = YES;
				INFOPLIST_KEY_UIApplicationSupportsIndirectInputEvents = YES;
				INFOPLIST_KEY_UILaunchScreen_Generation = YES;
				INFOPLIST_KEY_UISupportedInterfaceOrientations_iPad = "UIInterfaceOrientationPortrait UIInterfaceOrientationPortraitUpsideDown UIInterfaceOrientationLandscapeLeft UIInterfaceOrientationLandscapeRight";
				INFOPLIST_KEY_UISupportedInterfaceOrientations_iPhone = "UIInterfaceOrientationPortrait UIInterfaceOrientationLandscapeLeft UIInterfaceOrientationLandscapeRight";
				LD_RUNPATH_SEARCH_PATHS = (
					"$(inherited)",
					"@executable_path/Frameworks",
				);
				MARKETING_VERSION = 1.0;
				PRODUCT_BUNDLE_IDENTIFIER = com.guidoroos.MemeMe1;
				PRODUCT_NAME = "$(TARGET_NAME)";
				SWIFT_EMIT_LOC_STRINGS = YES;
				SWIFT_VERSION = 5.0;
				TARGETED_DEVICE_FAMILY = "1,2";
			};
			name = Debug;
		};
		83DEDA062A3F598C00F2430B /* Release */ = {
			isa = XCBuildConfiguration;
			buildSettings = {
				ASSETCATALOG_COMPILER_APPICON_NAME = AppIcon;
				ASSETCATALOG_COMPILER_GLOBAL_ACCENT_COLOR_NAME = AccentColor;
				CODE_SIGN_STYLE = Automatic;
				CURRENT_PROJECT_VERSION = 1;
				DEVELOPMENT_ASSET_PATHS = "\"MemeMe1/Preview Content\"";
				ENABLE_PREVIEWS = YES;
				GENERATE_INFOPLIST_FILE = YES;
				INFOPLIST_KEY_UIApplicationSceneManifest_Generation = YES;
				INFOPLIST_KEY_UIApplicationSupportsIndirectInputEvents = YES;
				INFOPLIST_KEY_UILaunchScreen_Generation = YES;
				INFOPLIST_KEY_UISupportedInterfaceOrientations_iPad = "UIInterfaceOrientationPortrait UIInterfaceOrientationPortraitUpsideDown UIInterfaceOrientationLandscapeLeft UIInterfaceOrientationLandscapeRight";
				INFOPLIST_KEY_UISupportedInterfaceOrientations_iPhone = "UIInterfaceOrientationPortrait UIInterfaceOrientationLandscapeLeft UIInterfaceOrientationLandscapeRight";
				LD_RUNPATH_SEARCH_PATHS = (
					"$(inherited)",
					"@executable_path/Frameworks",
				);
				MARKETING_VERSION = 1.0;
				PRODUCT_BUNDLE_IDENTIFIER = com.guidoroos.MemeMe1;
				PRODUCT_NAME = "$(TARGET_NAME)";
				SWIFT_EMIT_LOC_STRINGS = YES;
				SWIFT_VERSION = 5.0;
				TARGETED_DEVICE_FAMILY = "1,2";
			};
			name = Release;
		};
		83DEDA082A3F598C00F2430B /* Debug */ = {
			isa = XCBuildConfiguration;
			buildSettings = {
				ALWAYS_EMBED_SWIFT_STANDARD_LIBRARIES = YES;
				BUNDLE_LOADER = "$(TEST_HOST)";
				CODE_SIGN_STYLE = Automatic;
				CURRENT_PROJECT_VERSION = 1;
				GENERATE_INFOPLIST_FILE = YES;
				IPHONEOS_DEPLOYMENT_TARGET = 16.4;
				MARKETING_VERSION = 1.0;
				PRODUCT_BUNDLE_IDENTIFIER = com.guidoroos.MemeMe1Tests;
				PRODUCT_NAME = "$(TARGET_NAME)";
				SWIFT_EMIT_LOC_STRINGS = NO;
				SWIFT_VERSION = 5.0;
				TARGETED_DEVICE_FAMILY = "1,2";
				TEST_HOST = "$(BUILT_PRODUCTS_DIR)/MemeMe1.app/$(BUNDLE_EXECUTABLE_FOLDER_PATH)/MemeMe1";
			};
			name = Debug;
		};
		83DEDA092A3F598C00F2430B /* Release */ = {
			isa = XCBuildConfiguration;
			buildSettings = {
				ALWAYS_EMBED_SWIFT_STANDARD_LIBRARIES = YES;
				BUNDLE_LOADER = "$(TEST_HOST)";
				CODE_SIGN_STYLE = Automatic;
				CURRENT_PROJECT_VERSION = 1;
				GENERATE_INFOPLIST_FILE = YES;
				IPHONEOS_DEPLOYMENT_TARGET = 16.4;
				MARKETING_VERSION = 1.0;
				PRODUCT_BUNDLE_IDENTIFIER = com.guidoroos.MemeMe1Tests;
				PRODUCT_NAME = "$(TARGET_NAME)";
				SWIFT_EMIT_LOC_STRINGS = NO;
				SWIFT_VERSION = 5.0;
				TARGETED_DEVICE_FAMILY = "1,2";
				TEST_HOST = "$(BUILT_PRODUCTS_DIR)/MemeMe1.app/$(BUNDLE_EXECUTABLE_FOLDER_PATH)/MemeMe1";
			};
			name = Release;
		};
		83DEDA0B2A3F598C00F2430B /* Debug */ = {
			isa = XCBuildConfiguration;
			buildSettings = {
				ALWAYS_EMBED_SWIFT_STANDARD_LIBRARIES = YES;
				CODE_SIGN_STYLE = Automatic;
				CURRENT_PROJECT_VERSION = 1;
				GENERATE_INFOPLIST_FILE = YES;
				MARKETING_VERSION = 1.0;
				PRODUCT_BUNDLE_IDENTIFIER = com.guidoroos.MemeMe1UITests;
				PRODUCT_NAME = "$(TARGET_NAME)";
				SWIFT_EMIT_LOC_STRINGS = NO;
				SWIFT_VERSION = 5.0;
				TARGETED_DEVICE_FAMILY = "1,2";
				TEST_TARGET_NAME = MemeMe1;
			};
			name = Debug;
		};
		83DEDA0C2A3F598C00F2430B /* Release */ = {
			isa = XCBuildConfiguration;
			buildSettings = {
				ALWAYS_EMBED_SWIFT_STANDARD_LIBRARIES = YES;
				CODE_SIGN_STYLE = Automatic;
				CURRENT_PROJECT_VERSION = 1;
				GENERATE_INFOPLIST_FILE = YES;
				MARKETING_VERSION = 1.0;
				PRODUCT_BUNDLE_IDENTIFIER = com.guidoroos.MemeMe1UITests;
				PRODUCT_NAME = "$(TARGET_NAME)";
				SWIFT_EMIT_LOC_STRINGS = NO;
				SWIFT_VERSION = 5.0;
				TARGETED_DEVICE_FAMILY = "1,2";
				TEST_TARGET_NAME = MemeMe1;
			};
			name = Release;
		};
/* End XCBuildConfiguration section */

/* Begin XCConfigurationList section */
		83DED9DB2A3F598B00F2430B /* Build configuration list for PBXProject "MemeMe1" */ = {
			isa = XCConfigurationList;
			buildConfigurations = (
				83DEDA022A3F598C00F2430B /* Debug */,
				83DEDA032A3F598C00F2430B /* Release */,
			);
			defaultConfigurationIsVisible = 0;
			defaultConfigurationName = Release;
		};
		83DEDA042A3F598C00F2430B /* Build configuration list for PBXNativeTarget "MemeMe1" */ = {
			isa = XCConfigurationList;
			buildConfigurations = (
				83DEDA052A3F598C00F2430B /* Debug */,
				83DEDA062A3F598C00F2430B /* Release */,
			);
			defaultConfigurationIsVisible = 0;
			defaultConfigurationName = Release;
		};
		83DEDA072A3F598C00F2430B /* Build configuration list for PBXNativeTarget "MemeMe1Tests" */ = {
			isa = XCConfigurationList;
			buildConfigurations = (
				83DEDA082A3F598C00F2430B /* Debug */,
				83DEDA092A3F598C00F2430B /* Release */,
			);
			defaultConfigurationIsVisible = 0;
			defaultConfigurationName = Release;
		};
		83DEDA0A2A3F598C00F2430B /* Build configuration list for PBXNativeTarget "MemeMe1UITests" */ = {
			isa = XCConfigurationList;
			buildConfigurations = (
				83DEDA0B2A3F598C00F2430B /* Debug */,
				83DEDA0C2A3F598C00F2430B /* Release */,
			);
			defaultConfigurationIsVisible = 0;
			defaultConfigurationName = Release;
		};
/* End XCConfigurationList section */
	};
	rootObject = 83DED9D82A3F598B00F2430B /* Project object */;
}
